
Microsoft Visual Studio Solution File, Format Version 12.00
# Visual Studio Version 17
VisualStudioVersion = 17.7.34031.279
MinimumVisualStudioVersion = 10.0.40219.1
Project("{FAE04EC0-301F-11D3-BF4B-00C04F79EFBC}") = "BoekWinkel", "BoekWinkel.csproj", "{CD465013-3D42-47C7-A82A-166F5A6E4CE5}"
EndProject
Project("{2150E333-8FDC-42A3-9474-1A3956D46DE8}") = "Solution Items", "Solution Items", "{9270D83D-AE6E-4BB8-A755-64CB3CFAB10A}"
	ProjectSection(SolutionItems) = preProject
		.editorconfig = .editorconfig
	EndProjectSection
EndProject
Global
	GlobalSection(SolutionConfigurationPlatforms) = preSolution
		Debug|Any CPU = Debug|Any CPU
		Release|Any CPU = Release|Any CPU
	EndGlobalSection
	GlobalSection(ProjectConfigurationPlatforms) = postSolution
		{CD465013-3D42-47C7-A82A-166F5A6E4CE5}.Debug|Any CPU.ActiveCfg = Debug|Any CPU
		{CD465013-3D42-47C7-A82A-166F5A6E4CE5}.Debug|Any CPU.Build.0 = Debug|Any CPU
		{CD465013-3D42-47C7-A82A-166F5A6E4CE5}.Release|Any CPU.ActiveCfg = Release|Any CPU
		{CD465013-3D42-47C7-A82A-166F5A6E4CE5}.Release|Any CPU.Build.0 = Release|Any CPU
	EndGlobalSection
	GlobalSection(SolutionProperties) = preSolution
		HideSolutionNode = FALSE
	EndGlobalSection
	GlobalSection(ExtensibilityGlobals) = postSolution
		SolutionGuid = {5A4B1F80-33C1-4354-9437-FCA3F27C83B8}
	EndGlobalSection
EndGlobal
